
Microsoft Visual Studio Solution File, Format Version 12.00
# Visual Studio Version 17
VisualStudioVersion = 17.2.32210.308
MinimumVisualStudioVersion = 10.0.40219.1
Project("{9A19103F-16F7-4668-BE54-9A1E7A4F7556}") = "Market", "Market\Market.csproj", "{AB9F31D9-D0EF-482F-830E-C951E7D62FBF}"
EndProject
Global
	GlobalSection(SolutionConfigurationPlatforms) = preSolution
		Debug|Any CPU = Debug|Any CPU
		Release|Any CPU = Release|Any CPU
	EndGlobalSection
	GlobalSection(ProjectConfigurationPlatforms) = postSolution
		{AB9F31D9-D0EF-482F-830E-C951E7D62FBF}.Debug|Any CPU.ActiveCfg = Debug|Any CPU
		{AB9F31D9-D0EF-482F-830E-C951E7D62FBF}.Debug|Any CPU.Build.0 = Debug|Any CPU
		{AB9F31D9-D0EF-482F-830E-C951E7D62FBF}.Release|Any CPU.ActiveCfg = Release|Any CPU
		{AB9F31D9-D0EF-482F-830E-C951E7D62FBF}.Release|Any CPU.Build.0 = Release|Any CPU
	EndGlobalSection
	GlobalSection(SolutionProperties) = preSolution
		HideSolutionNode = FALSE
	EndGlobalSection
	GlobalSection(ExtensibilityGlobals) = postSolution
		SolutionGuid = {D178FBF1-3DD8-4DD4-8F02-812DC70D22BF}
	EndGlobalSection
EndGlobal
